
Microsoft Visual Studio Solution File, Format Version 12.00
# Visual Studio Version 17
VisualStudioVersion = 17.0.32126.317
MinimumVisualStudioVersion = 10.0.40219.1
Project("{9A19103F-16F7-4668-BE54-9A1E7A4F7556}") = "CloneHero", "CloneHero\CloneHero.csproj", "{36646EB4-6ED9-42CC-BF10-C1ED44E13C9F}"
EndProject
Project("{FAE04EC0-301F-11D3-BF4B-00C04F79EFBC}") = "CloneHero.Library", "CloneHero.Library\CloneHero.Library.csproj", "{9958AD8A-0858-4838-851E-FE6F3621D468}"
EndProject
Global
	GlobalSection(SolutionConfigurationPlatforms) = preSolution
		Debug|Any CPU = Debug|Any CPU
		Release|Any CPU = Release|Any CPU
	EndGlobalSection
	GlobalSection(ProjectConfigurationPlatforms) = postSolution
		{36646EB4-6ED9-42CC-BF10-C1ED44E13C9F}.Debug|Any CPU.ActiveCfg = Debug|Any CPU
		{36646EB4-6ED9-42CC-BF10-C1ED44E13C9F}.Debug|Any CPU.Build.0 = Debug|Any CPU
		{36646EB4-6ED9-42CC-BF10-C1ED44E13C9F}.Release|Any CPU.ActiveCfg = Release|Any CPU
		{36646EB4-6ED9-42CC-BF10-C1ED44E13C9F}.Release|Any CPU.Build.0 = Release|Any CPU
		{9958AD8A-0858-4838-851E-FE6F3621D468}.Debug|Any CPU.ActiveCfg = Debug|Any CPU
		{9958AD8A-0858-4838-851E-FE6F3621D468}.Debug|Any CPU.Build.0 = Debug|Any CPU
		{9958AD8A-0858-4838-851E-FE6F3621D468}.Release|Any CPU.ActiveCfg = Release|Any CPU
		{9958AD8A-0858-4838-851E-FE6F3621D468}.Release|Any CPU.Build.0 = Release|Any CPU
	EndGlobalSection
	GlobalSection(SolutionProperties) = preSolution
		HideSolutionNode = FALSE
	EndGlobalSection
	GlobalSection(ExtensibilityGlobals) = postSolution
		SolutionGuid = {5535F0D2-8A98-46AD-B679-B9DC9C2CD4C1}
	EndGlobalSection
EndGlobal
